
Microsoft Visual Studio Solution File, Format Version 12.00
# Visual Studio Express 2012 for Web
Project("{FAE04EC0-301F-11D3-BF4B-00C04F79EFBC}") = "ASP.NET.MVC.SelectListExample", "ASP.NET.MVC.SelectListExample\ASP.NET.MVC.SelectListExample.csproj", "{192E65FC-0180-4777-A8CA-5097F3792DFE}"
EndProject
Global
	GlobalSection(SolutionConfigurationPlatforms) = preSolution
		Debug|Any CPU = Debug|Any CPU
		Release|Any CPU = Release|Any CPU
	EndGlobalSection
	GlobalSection(ProjectConfigurationPlatforms) = postSolution
		{192E65FC-0180-4777-A8CA-5097F3792DFE}.Debug|Any CPU.ActiveCfg = Debug|Any CPU
		{192E65FC-0180-4777-A8CA-5097F3792DFE}.Debug|Any CPU.Build.0 = Debug|Any CPU
		{192E65FC-0180-4777-A8CA-5097F3792DFE}.Release|Any CPU.ActiveCfg = Release|Any CPU
		{192E65FC-0180-4777-A8CA-5097F3792DFE}.Release|Any CPU.Build.0 = Release|Any CPU
	EndGlobalSection
	GlobalSection(SolutionProperties) = preSolution
		HideSolutionNode = FALSE
	EndGlobalSection
EndGlobal
